
Microsoft Visual Studio Solution File, Format Version 12.00
# Visual Studio 15
VisualStudioVersion = 15.0.28307.136
MinimumVisualStudioVersion = 10.0.40219.1
Project("{2150E333-8FDC-42A3-9474-1A3956D46DE8}") = "1 - UI", "1 - UI", "{4E946788-94CB-455F-86D2-7AB53EBCF5A4}"
EndProject
Project("{2150E333-8FDC-42A3-9474-1A3956D46DE8}") = "2 - Domain", "2 - Domain", "{F12A0289-1B6F-4910-96A4-B084F2FFF0FF}"
EndProject
Project("{2150E333-8FDC-42A3-9474-1A3956D46DE8}") = "3 - Infrastructure", "3 - Infrastructure", "{41D583A4-ACEA-403B-8113-B1DAB9BFE06A}"
EndProject
Project("{FAE04EC0-301F-11D3-BF4B-00C04F79EFBC}") = "SGCV.ApplicationCore", "src\SGCV.ApplicationCore\SGCV.ApplicationCore.csproj", "{09163B76-8AD1-46F9-BB96-BD6B7D61B328}"
EndProject
Project("{FAE04EC0-301F-11D3-BF4B-00C04F79EFBC}") = "SGCV.Infrastructure", "src\SGCV.Infrastructure\SGCV.Infrastructure.csproj", "{79E1DF23-EE9A-4BD2-B839-1536B96B63D9}"
EndProject
Global
	GlobalSection(SolutionConfigurationPlatforms) = preSolution
		Debug|Any CPU = Debug|Any CPU
		Release|Any CPU = Release|Any CPU
	EndGlobalSection
	GlobalSection(ProjectConfigurationPlatforms) = postSolution
		{09163B76-8AD1-46F9-BB96-BD6B7D61B328}.Debug|Any CPU.ActiveCfg = Debug|Any CPU
		{09163B76-8AD1-46F9-BB96-BD6B7D61B328}.Debug|Any CPU.Build.0 = Debug|Any CPU
		{09163B76-8AD1-46F9-BB96-BD6B7D61B328}.Release|Any CPU.ActiveCfg = Release|Any CPU
		{09163B76-8AD1-46F9-BB96-BD6B7D61B328}.Release|Any CPU.Build.0 = Release|Any CPU
		{79E1DF23-EE9A-4BD2-B839-1536B96B63D9}.Debug|Any CPU.ActiveCfg = Debug|Any CPU
		{79E1DF23-EE9A-4BD2-B839-1536B96B63D9}.Debug|Any CPU.Build.0 = Debug|Any CPU
		{79E1DF23-EE9A-4BD2-B839-1536B96B63D9}.Release|Any CPU.ActiveCfg = Release|Any CPU
		{79E1DF23-EE9A-4BD2-B839-1536B96B63D9}.Release|Any CPU.Build.0 = Release|Any CPU
	EndGlobalSection
	GlobalSection(SolutionProperties) = preSolution
		HideSolutionNode = FALSE
	EndGlobalSection
	GlobalSection(NestedProjects) = preSolution
		{09163B76-8AD1-46F9-BB96-BD6B7D61B328} = {F12A0289-1B6F-4910-96A4-B084F2FFF0FF}
		{79E1DF23-EE9A-4BD2-B839-1536B96B63D9} = {41D583A4-ACEA-403B-8113-B1DAB9BFE06A}
	EndGlobalSection
	GlobalSection(ExtensibilityGlobals) = postSolution
		SolutionGuid = {5AF33409-0339-4466-AAC7-31A417C06E92}
	EndGlobalSection
EndGlobal
